
Microsoft Visual Studio Solution File, Format Version 12.00
# Visual Studio Version 17
VisualStudioVersion = 17.14.36408.4 d17.14
MinimumVisualStudioVersion = 10.0.40219.1
Project("{FAE04EC0-301F-11D3-BF4B-00C04F79EFBC}") = "WpfApp1", "WpfApp1.csproj", "{6926B840-7D1F-40C0-B51E-26B0EFF011DA}"
EndProject
Global
	GlobalSection(SolutionConfigurationPlatforms) = preSolution
		Debug|Any CPU = Debug|Any CPU
		Release|Any CPU = Release|Any CPU
	EndGlobalSection
	GlobalSection(ProjectConfigurationPlatforms) = postSolution
		{6926B840-7D1F-40C0-B51E-26B0EFF011DA}.Debug|Any CPU.ActiveCfg = Debug|Any CPU
		{6926B840-7D1F-40C0-B51E-26B0EFF011DA}.Debug|Any CPU.Build.0 = Debug|Any CPU
		{6926B840-7D1F-40C0-B51E-26B0EFF011DA}.Release|Any CPU.ActiveCfg = Release|Any CPU
		{6926B840-7D1F-40C0-B51E-26B0EFF011DA}.Release|Any CPU.Build.0 = Release|Any CPU
	EndGlobalSection
	GlobalSection(SolutionProperties) = preSolution
		HideSolutionNode = FALSE
	EndGlobalSection
	GlobalSection(ExtensibilityGlobals) = postSolution
		SolutionGuid = {45A510A0-AF04-46FB-9325-1A59CF73DAD0}
	EndGlobalSection
EndGlobal
